
Microsoft Visual Studio Solution File, Format Version 12.00
# Visual Studio Version 17
VisualStudioVersion = 17.13.35931.197 d17.13
MinimumVisualStudioVersion = 10.0.40219.1
Project("{8BC9CEB8-8B4A-11D0-8D11-00A0C91BC942}") = "Chrome.WidgetAutoHide", "Chrome.WidgetAutoHide\Chrome.WidgetAutoHide.vcxproj", "{30BF0011-FF43-407D-93D1-093A03C05235}"
EndProject
Global
	GlobalSection(SolutionConfigurationPlatforms) = preSolution
		Debug|x64 = Debug|x64
		Debug|x86 = Debug|x86
		Release|x64 = Release|x64
		Release|x86 = Release|x86
	EndGlobalSection
	GlobalSection(ProjectConfigurationPlatforms) = postSolution
		{30BF0011-FF43-407D-93D1-093A03C05235}.Debug|x64.ActiveCfg = Debug|x64
		{30BF0011-FF43-407D-93D1-093A03C05235}.Debug|x64.Build.0 = Debug|x64
		{30BF0011-FF43-407D-93D1-093A03C05235}.Debug|x86.ActiveCfg = Debug|Win32
		{30BF0011-FF43-407D-93D1-093A03C05235}.Debug|x86.Build.0 = Debug|Win32
		{30BF0011-FF43-407D-93D1-093A03C05235}.Release|x64.ActiveCfg = Release|x64
		{30BF0011-FF43-407D-93D1-093A03C05235}.Release|x64.Build.0 = Release|x64
		{30BF0011-FF43-407D-93D1-093A03C05235}.Release|x86.ActiveCfg = Release|Win32
		{30BF0011-FF43-407D-93D1-093A03C05235}.Release|x86.Build.0 = Release|Win32
	EndGlobalSection
	GlobalSection(SolutionProperties) = preSolution
		HideSolutionNode = FALSE
	EndGlobalSection
	GlobalSection(ExtensibilityGlobals) = postSolution
		SolutionGuid = {2A3ADEF5-E14A-4A08-B394-E501939D77A0}
	EndGlobalSection
EndGlobal
